#MicroXplorer Configuration settings - do not modify
CAD.formats=
CAD.pinconfig=
CAD.provider=
CORTEX_M33_NS.userName=CORTEX_M33
File.Version=6
GPDMA1.DESTINC_GPDMACH0=DMA_DINC_INCREMENTED
GPDMA1.DIRECTION_GPDMACH1=DMA_MEMORY_TO_PERIPH
GPDMA1.IPHANDLE_GPDMACH0-SIMPLEREQUEST_GPDMACH0=__NULL
GPDMA1.IPHANDLE_GPDMACH1-SIMPLEREQUEST_GPDMACH1=__NULL
GPDMA1.IPParameters=IPHANDLE_GPDMACH1-SIMPLEREQUEST_GPDMACH1,REQUEST_GPDMACH1,DIRECTION_GPDMACH1,SRCINC_GPDMACH1,TRANSFERALLOCATEDPORTDEST_GPDMACH1,IPHANDLE_GPDMACH0-SIMPLEREQUEST_GPDMACH0,REQUEST_GPDMACH0,DESTINC_GPDMACH0,TRANSFERALLOCATEDPORTDEST_GPDMACH0,TRANSFERALLOCATEDPORTSRC_GPDMACH0
GPDMA1.REQUEST_GPDMACH0=GPDMA1_REQUEST_I2C2_RX
GPDMA1.REQUEST_GPDMACH1=GPDMA1_REQUEST_I2C2_TX
GPDMA1.SRCINC_GPDMACH1=DMA_SINC_INCREMENTED
GPDMA1.TRANSFERALLOCATEDPORTDEST_GPDMACH0=DMA_DEST_ALLOCATED_PORT0
GPDMA1.TRANSFERALLOCATEDPORTDEST_GPDMACH1=DMA_DEST_ALLOCATED_PORT1
GPDMA1.TRANSFERALLOCATEDPORTSRC_GPDMACH0=DMA_SRC_ALLOCATED_PORT1
GPIO.groupedBy=
I2C2.AddressingMode=I2C_ADDRESSINGMODE_10BIT
I2C2.I2C_Fall_Time=2
I2C2.I2C_Rise_Time=26
I2C2.I2C_Speed_Mode=I2C_Fast_Plus
I2C2.IPParameters=Timing,I2C_Speed_Mode,I2C_Rise_Time,I2C_Fall_Time,OwnAddress,AddressingMode
I2C2.IPParametersWithoutCheck=OwnAddress
I2C2.OwnAddress=I2C_ADDRESS
I2C2.Timing=0x0070123C
KeepUserPlacement=true
Mcu.CPN=STM32U385RGT6Q
Mcu.ContextProject=TrustZoneDisabled
Mcu.Family=STM32U3
Mcu.IP0=CORTEX_M33_NS
Mcu.IP1=GPDMA1
Mcu.IP2=I2C2
Mcu.IP3=ICACHE
Mcu.IP4=NVIC
Mcu.IP5=PWR
Mcu.IP6=RCC
Mcu.IP7=SYS
Mcu.IPNb=8
Mcu.Name=STM32U385RGTxQ
Mcu.Package=LQFP64
Mcu.Pin0=PA6
Mcu.Pin1=PB10
Mcu.Pin2=VP_GPDMA1_VS_GPDMACH0
Mcu.Pin3=VP_GPDMA1_VS_GPDMACH1
Mcu.Pin4=VP_ICACHE_VS_ICACHE
Mcu.Pin5=VP_PWR_VS_SECSignals
Mcu.Pin6=VP_PWR_VS_LPOM
Mcu.Pin7=VP_PWR_VS_DBSignals
Mcu.Pin8=VP_SYS_VS_Systick
Mcu.PinsNb=9
Mcu.ThirdPartyNb=0
Mcu.UserConstants=I2C_ADDRESS,0x30F
Mcu.UserName=STM32U385RGTxQ
MxCube.Version=6.13.0
MxDb.Version=DB.6.0.130
NVIC.BusFault_IRQn=true\:0\:0\:false\:false\:false\:true\:false\:false
NVIC.DebugMonitor_IRQn=true\:0\:0\:false\:false\:false\:true\:false\:false
NVIC.ForceEnableDMAVector=true
NVIC.GPDMA1_Channel0_IRQn=true\:0\:0\:false\:false\:true\:false\:true\:true
NVIC.GPDMA1_Channel1_IRQn=true\:0\:0\:false\:false\:true\:false\:true\:true
NVIC.HardFault_IRQn=true\:0\:0\:false\:false\:true\:true\:false\:false
NVIC.I2C2_ER_IRQn=true\:0\:0\:false\:false\:true\:true\:true\:true
NVIC.I2C2_EV_IRQn=true\:0\:0\:false\:false\:true\:true\:true\:true
NVIC.MemoryManagement_IRQn=true\:0\:0\:false\:false\:false\:true\:false\:false
NVIC.NonMaskableInt_IRQn=true\:0\:0\:false\:false\:true\:true\:false\:false
NVIC.PendSV_IRQn=true\:0\:0\:false\:false\:true\:true\:false\:false
NVIC.PriorityGroup=NVIC_PRIORITYGROUP_4
NVIC.SVCall_IRQn=true\:0\:0\:false\:false\:true\:true\:false\:false
NVIC.SysTick_IRQn=true\:15\:0\:true\:false\:true\:true\:true\:false
NVIC.UsageFault_IRQn=true\:0\:0\:false\:false\:false\:true\:false\:false
PA6.GPIOParameters=GPIO_Speed,GPIO_Pu
PA6.GPIO_Pu=GPIO_PULLUP
PA6.GPIO_Speed=GPIO_SPEED_FREQ_LOW
PA6.Mode=I2C
PA6.Signal=I2C2_SDA
PB10.GPIOParameters=GPIO_Speed,GPIO_Pu
PB10.GPIO_Pu=GPIO_PULLUP
PB10.GPIO_Speed=GPIO_SPEED_FREQ_LOW
PB10.Locked=true
PB10.Mode=I2C
PB10.Signal=I2C2_SCL
PinOutPanel.RotationAngle=0
ProjectManager.AskForMigrate=true
ProjectManager.BackupPrevious=false
ProjectManager.CompilerOptimize=6
ProjectManager.ComputerToolchain=false
ProjectManager.CoupleFile=false
ProjectManager.DeletePrevious=true
ProjectManager.DeviceId=STM32U385RGTxQ
ProjectManager.FreePins=false
ProjectManager.HalAssertFull=false
ProjectManager.HeapSize=0x200
ProjectManager.KeepUserCode=true
ProjectManager.LastFirmware=true
ProjectManager.LibraryCopy=2
ProjectManager.MainLocation=Src
ProjectManager.NoMain=false
ProjectManager.PreviousToolchain=
ProjectManager.ProjectBuild=false
ProjectManager.ProjectFileName=I2C_TwoBoards_ComDMA.ioc
ProjectManager.ProjectName=I2C_TwoBoards_ComDMA
ProjectManager.ProjectStructure=
ProjectManager.RegisterCallBack=
ProjectManager.StackSize=0x400
ProjectManager.TargetToolchain=EWARM V9.20
ProjectManager.ToolChainLocation=
ProjectManager.UAScriptAfterPath=
ProjectManager.UAScriptBeforePath=
ProjectManager.UnderRoot=false
ProjectManager.functionlistsort=1-SystemClock_Config-RCC-false-HAL-false,2-MX_GPIO_Init-GPIO-false-HAL-true,3-MX_GPDMA1_Init-GPDMA1-false-HAL-true,4-MX_ICACHE_Init-ICACHE-false-HAL-true,5-MX_I2C2_Init-I2C2-false-HAL-true,0-MX_CORTEX_M33_NS_Init-CORTEX_M33_NS-false-HAL-true,0-MX_PWR_Init-PWR-false-HAL-true
RCC.ADCFreq_Value=96000000
RCC.ADF1Freq_Value=96000000
RCC.AHBFreq_Value=96000000
RCC.APB1Freq_Value=96000000
RCC.APB1TimFreq_Value=96000000
RCC.APB2Freq_Value=96000000
RCC.APB2TimFreq_Value=96000000
RCC.APB3Freq_Value=96000000
RCC.CRSFreq_Value=48000000
RCC.CortexFreq_Value=12000000
RCC.DACFreq_Value=32000
RCC.FCLKCortexFreq_Value=96000000
RCC.FDCANFreq_Value=96000000
RCC.FamilyName=M
RCC.HCLKFreq_Value=96000000
RCC.HSE_VALUE=16000000
RCC.HSI48_VALUE=48000000
RCC.HSI_VALUE=16000000
RCC.I2C1Freq_Value=96000000
RCC.I2C2Freq_Value=96000000
RCC.I2C3Freq_Value=96000000
RCC.I3C1Freq_Value=96000000
RCC.I3C2Freq_Value=96000000
RCC.IPParameters=ADCFreq_Value,ADF1Freq_Value,AHBFreq_Value,APB1Freq_Value,APB1TimFreq_Value,APB2Freq_Value,APB2TimFreq_Value,APB3Freq_Value,CRSFreq_Value,CortexFreq_Value,DACFreq_Value,FCLKCortexFreq_Value,FDCANFreq_Value,FamilyName,HCLKFreq_Value,HSE_VALUE,HSI48_VALUE,HSI_VALUE,I2C1Freq_Value,I2C2Freq_Value,I2C3Freq_Value,I3C1Freq_Value,I3C2Freq_Value,LPTIM1Freq_Value,LPTIM2Freq_Value,LPTIM3Freq_Value,LPUART1Freq_Value,LSCOPinFreq_Value,LSE_VALUE,LSIDIV_VALUE,LSI_VALUE,MCO1PinFreq_Value,MCO2PinFreq_Value,MSISDIV,MSISFreq_Value,MSI_VALUE,OCTOSPIMFreq_Value,PWR_Regulator_Voltage_Scale,RNGFreq_Value,SAI1Freq_Value,SDMMCFreq_Value,SPI1Freq_Value,SPI2Freq_Value,SPI3Freq_Value,SYSCLKFreq_VALUE,UART4Freq_Value,UART5Freq_Value,USART1Freq_Value,USART3Freq_Value,USBFreq_Value
RCC.LPTIM1Freq_Value=96000000
RCC.LPTIM2Freq_Value=96000000
RCC.LPTIM3Freq_Value=96000000
RCC.LPUART1Freq_Value=96000000
RCC.LSCOPinFreq_Value=32000
RCC.LSE_VALUE=32768
RCC.LSIDIV_VALUE=32000
RCC.LSI_VALUE=32000
RCC.MCO1PinFreq_Value=96000000
RCC.MCO2PinFreq_Value=96000000
RCC.MSISDIV=RCC_MSI_DIV1
RCC.MSISFreq_Value=96000000
RCC.MSI_VALUE=96000000
RCC.OCTOSPIMFreq_Value=96000000
RCC.PWR_Regulator_Voltage_Scale=PWR_REGULATOR_VOLTAGE_SCALE1
RCC.RNGFreq_Value=48000000
RCC.SAI1Freq_Value=96000000
RCC.SDMMCFreq_Value=96000000
RCC.SPI1Freq_Value=96000000
RCC.SPI2Freq_Value=96000000
RCC.SPI3Freq_Value=96000000
RCC.SYSCLKFreq_VALUE=96000000
RCC.UART4Freq_Value=96000000
RCC.UART5Freq_Value=96000000
RCC.USART1Freq_Value=96000000
RCC.USART3Freq_Value=96000000
RCC.USBFreq_Value=96000000
VP_GPDMA1_VS_GPDMACH0.Mode=SIMPLEREQUEST_GPDMACH0
VP_GPDMA1_VS_GPDMACH0.Signal=GPDMA1_VS_GPDMACH0
VP_GPDMA1_VS_GPDMACH1.Mode=SIMPLEREQUEST_GPDMACH1
VP_GPDMA1_VS_GPDMACH1.Signal=GPDMA1_VS_GPDMACH1
VP_ICACHE_VS_ICACHE.Mode=DirectMappedCache
VP_ICACHE_VS_ICACHE.Signal=ICACHE_VS_ICACHE
VP_PWR_VS_DBSignals.Mode=DisableDeadBatterySignals
VP_PWR_VS_DBSignals.Signal=PWR_VS_DBSignals
VP_PWR_VS_LPOM.Mode=PowerOptimisation
VP_PWR_VS_LPOM.Signal=PWR_VS_LPOM
VP_PWR_VS_SECSignals.Mode=Security/Privilege
VP_PWR_VS_SECSignals.Signal=PWR_VS_SECSignals
VP_SYS_VS_Systick.Mode=SysTick
VP_SYS_VS_Systick.Signal=SYS_VS_Systick
board=custom
ProjectManager.Example=I2C_TwoBoards_ComDMA
ProjectManager.ExampleSource=CubeFw
